
Microsoft Visual Studio Solution File, Format Version 12.00
# Visual Studio 15
VisualStudioVersion = 15.0.33423.255
MinimumVisualStudioVersion = 10.0.40219.1
Project("{FAE04EC0-301F-11D3-BF4B-00C04F79EFBC}") = "WebApplication5", "WebApplication5\WebApplication5.csproj", "{B5489A8B-1B49-4780-9AD3-4F59A72F1158}"
EndProject
Global
	GlobalSection(SolutionConfigurationPlatforms) = preSolution
		Debug|Any CPU = Debug|Any CPU
		Release|Any CPU = Release|Any CPU
	EndGlobalSection
	GlobalSection(ProjectConfigurationPlatforms) = postSolution
		{B5489A8B-1B49-4780-9AD3-4F59A72F1158}.Debug|Any CPU.ActiveCfg = Debug|Any CPU
		{B5489A8B-1B49-4780-9AD3-4F59A72F1158}.Debug|Any CPU.Build.0 = Debug|Any CPU
		{B5489A8B-1B49-4780-9AD3-4F59A72F1158}.Release|Any CPU.ActiveCfg = Release|Any CPU
		{B5489A8B-1B49-4780-9AD3-4F59A72F1158}.Release|Any CPU.Build.0 = Release|Any CPU
	EndGlobalSection
	GlobalSection(SolutionProperties) = preSolution
		HideSolutionNode = FALSE
	EndGlobalSection
	GlobalSection(ExtensibilityGlobals) = postSolution
		SolutionGuid = {A7A719A3-3D67-401D-984D-F4348E1EF60F}
	EndGlobalSection
EndGlobal
